<?xml version="1.0" encoding="UTF-8" standalone="yes" ?>
<CodeBlocks_project_file>
	<FileVersion major="1" minor="6" />
	<Project>
		<Option title="crapmud_webassembly" />
		<Option pch_mode="2" />
		<Option compiler="gcc" />
		<Build>
			<Target title="Debug">
				<Option output="bin/Debug/crapmud_webassembly" prefix_auto="1" extension_auto="1" />
				<Option object_output="obj/Debug/" />
				<Option type="1" />
				<Option compiler="gcc" />
				<Compiler>
					<Add option="-g" />
				</Compiler>
			</Target>
			<Target title="Release">
				<Option output="bin/Release/crapmud_webassembly" prefix_auto="1" extension_auto="1" />
				<Option object_output="obj/Release/" />
				<Option type="1" />
				<Option compiler="gcc" />
				<Compiler>
					<Add option="-O2" />
				</Compiler>
				<Linker>
					<Add option="-s" />
				</Linker>
			</Target>
		</Build>
		<Compiler>
			<Add option="-Wall" />
			<Add option="-fexceptions" />
			<Add option="-std=c++17" />
		</Compiler>
		<Unit filename="LEB.cpp" />
		<Unit filename="LEB.hpp" />
		<Unit filename="main.cpp" />
		<Unit filename="print.hpp" />
		<Unit filename="runtime_types.cpp" />
		<Unit filename="runtime_types.hpp" />
		<Unit filename="serialisable.hpp" />
		<Unit filename="types.hpp" />
		<Unit filename="wasm_binary_data.cpp" />
		<Unit filename="wasm_binary_data.hpp" />
		<Extensions>
			<code_completion />
			<envvars />
			<debugger />
			<fortran_project />
		</Extensions>
	</Project>
</CodeBlocks_project_file>
